
Microsoft Visual Studio Solution File, Format Version 12.00
# Visual Studio Version 16
VisualStudioVersion = 16.0.33214.272
MinimumVisualStudioVersion = 10.0.40219.1
Project("{FAE04EC0-301F-11D3-BF4B-00C04F79EFBC}") = "Tateti", "Tateti\Tateti.csproj", "{CC42A536-80AA-41C4-AE3A-79D08185C6EB}"
EndProject
Global
	GlobalSection(SolutionConfigurationPlatforms) = preSolution
		Debug|Any CPU = Debug|Any CPU
		Release|Any CPU = Release|Any CPU
	EndGlobalSection
	GlobalSection(ProjectConfigurationPlatforms) = postSolution
		{CC42A536-80AA-41C4-AE3A-79D08185C6EB}.Debug|Any CPU.ActiveCfg = Debug|Any CPU
		{CC42A536-80AA-41C4-AE3A-79D08185C6EB}.Debug|Any CPU.Build.0 = Debug|Any CPU
		{CC42A536-80AA-41C4-AE3A-79D08185C6EB}.Release|Any CPU.ActiveCfg = Release|Any CPU
		{CC42A536-80AA-41C4-AE3A-79D08185C6EB}.Release|Any CPU.Build.0 = Release|Any CPU
	EndGlobalSection
	GlobalSection(SolutionProperties) = preSolution
		HideSolutionNode = FALSE
	EndGlobalSection
	GlobalSection(ExtensibilityGlobals) = postSolution
		SolutionGuid = {506A3421-AB50-47FC-9A1D-DF7769A2A877}
	EndGlobalSection
EndGlobal
